{
  "version": "5",
  "specifiers": {
    "jsr:@std/assert@*": "1.0.19",
    "jsr:@std/assert@1": "1.0.19",
    "jsr:@std/internal@^1.0.12": "1.0.14",
    "npm:croner@8.1.2": "8.1.2"
  },
  "jsr": {
    "@std/assert@1.0.19": {
      "integrity": "eaada96ee120cb980bc47e040f82814d786fe8162ecc53c91d8df60b8755991e",
      "dependencies": [
        "jsr:@std/internal"
      ]
    },
    "@std/internal@1.0.14": {
      "integrity": "291516b3d4c35024d6ffbc0a9df5bf4c64116e05b50012cf846710152d2ffdf7"
    }
  },
  "npm": {
    "croner@8.1.2": {
      "integrity": "sha512-ypfPFcAXHuAZRCzo3vJL6ltENzniTjwe/qsLleH1V2/7SRDjgvRQyrLmumFTLmjFax4IuSxfGXEn79fozXcJog=="
    }
  },
  "remote": {
    "https://esm.sh/croner@8.1.2": "de4aef12b445623463a5a2b06ac43b64fc30e25a09369110424fe66297cbfc66",
    "https://esm.sh/croner@8.1.2/denonext/croner.mjs": "32e69829ffc0c790a69527568d1af4a806de0832f8f86470e50239ea23aaac36"
  },
  "workspace": {
    "packageJson": {
      "dependencies": [
        "npm:@dnd-kit/core@^6.3.1",
        "npm:@dnd-kit/sortable@10",
        "npm:@dnd-kit/utilities@^3.2.2",
        "npm:@excalidraw/excalidraw@~0.18.1",
        "npm:@supabase/supabase-js@^2.45.4",
        "npm:@testing-library/dom@^10.4.1",
        "npm:@testing-library/react@^16.3.2",
        "npm:@types/react-dom@^18.3.0",
        "npm:@types/react@^18.3.5",
        "npm:@typescript-eslint/eslint-plugin@^8.5.0",
        "npm:@typescript-eslint/parser@^8.5.0",
        "npm:@vitejs/plugin-react@^4.3.1",
        "npm:autoprefixer@^10.4.20",
        "npm:croner@^8.1.2",
        "npm:cronstrue@^2.59.0",
        "npm:eslint-plugin-react-hooks@^4.6.2",
        "npm:eslint-plugin-react-refresh@~0.4.11",
        "npm:eslint@^8.57.0",
        "npm:express@^4.22.2",
        "npm:http-proxy-middleware@^3.0.7",
        "npm:jsdom@^29.1.1",
        "npm:postcss@^8.4.45",
        "npm:react-dom@^18.3.1",
        "npm:react-markdown@^9.0.1",
        "npm:react-router-dom@^6.26.2",
        "npm:react@^18.3.1",
        "npm:remark-gfm@4",
        "npm:tailwindcss@^3.4.11",
        "npm:typescript@^5.5.4",
        "npm:vite@^5.4.5",
        "npm:vitest@^2.1.9"
      ]
    }
  }
}
